
Microsoft Visual Studio Solution File, Format Version 12.00
# Visual Studio Version 16
VisualStudioVersion = 16.0.29123.88
MinimumVisualStudioVersion = 10.0.40219.1
Project("{9A19103F-16F7-4668-BE54-9A1E7A4F7556}") = "SharpCommunication.Base", "SharpCommunication.Base\SharpCommunication.Base.csproj", "{8C3B3211-0149-4E37-AD03-49BC7A8FA8BD}"
EndProject
Project("{9A19103F-16F7-4668-BE54-9A1E7A4F7556}") = "Demo", "Demo\Demo.csproj", "{5F81D536-B9DD-4CB1-A181-E00B1C3D294A}"
EndProject
Project("{FAE04EC0-301F-11D3-BF4B-00C04F79EFBC}") = "SharpCommunication.Xamarin.Android", "SharpCommunication.Xamarin\SharpCommunication.Xamarin.Android\SharpCommunication.Xamarin.Android.csproj", "{898B1302-FCE3-4A0D-85C0-56C2CAAF8BA4}"
EndProject
Project("{FAE04EC0-301F-11D3-BF4B-00C04F79EFBC}") = "SharpCommunication.Xamarin.iOS", "SharpCommunication.Xamarin\SharpCommunication.Xamarin.iOS\SharpCommunication.Xamarin.iOS.csproj", "{136B8B3A-F508-4A27-A7E0-39F2923682A9}"
EndProject
Project("{FAE04EC0-301F-11D3-BF4B-00C04F79EFBC}") = "SharpCommunication.Xamarin", "SharpCommunication.Xamarin\SharpCommunication.Xamarin\SharpCommunication.Xamarin.csproj", "{10C69492-DCEC-45D6-8196-D16B809DD344}"
EndProject
Global
	GlobalSection(SolutionConfigurationPlatforms) = preSolution
		Debug|Any CPU = Debug|Any CPU
		Debug|iPhone = Debug|iPhone
		Debug|iPhoneSimulator = Debug|iPhoneSimulator
		Release|Any CPU = Release|Any CPU
		Release|iPhone = Release|iPhone
		Release|iPhoneSimulator = Release|iPhoneSimulator
	EndGlobalSection
	GlobalSection(ProjectConfigurationPlatforms) = postSolution
		{8C3B3211-0149-4E37-AD03-49BC7A8FA8BD}.Debug|Any CPU.ActiveCfg = Debug|Any CPU
		{8C3B3211-0149-4E37-AD03-49BC7A8FA8BD}.Debug|Any CPU.Build.0 = Debug|Any CPU
		{8C3B3211-0149-4E37-AD03-49BC7A8FA8BD}.Debug|iPhone.ActiveCfg = Debug|Any CPU
		{8C3B3211-0149-4E37-AD03-49BC7A8FA8BD}.Debug|iPhone.Build.0 = Debug|Any CPU
		{8C3B3211-0149-4E37-AD03-49BC7A8FA8BD}.Debug|iPhoneSimulator.ActiveCfg = Debug|Any CPU
		{8C3B3211-0149-4E37-AD03-49BC7A8FA8BD}.Debug|iPhoneSimulator.Build.0 = Debug|Any CPU
		{8C3B3211-0149-4E37-AD03-49BC7A8FA8BD}.Release|Any CPU.ActiveCfg = Release|Any CPU
		{8C3B3211-0149-4E37-AD03-49BC7A8FA8BD}.Release|Any CPU.Build.0 = Release|Any CPU
		{8C3B3211-0149-4E37-AD03-49BC7A8FA8BD}.Release|iPhone.ActiveCfg = Release|Any CPU
		{8C3B3211-0149-4E37-AD03-49BC7A8FA8BD}.Release|iPhone.Build.0 = Release|Any CPU
		{8C3B3211-0149-4E37-AD03-49BC7A8FA8BD}.Release|iPhoneSimulator.ActiveCfg = Release|Any CPU
		{8C3B3211-0149-4E37-AD03-49BC7A8FA8BD}.Release|iPhoneSimulator.Build.0 = Release|Any CPU
		{5F81D536-B9DD-4CB1-A181-E00B1C3D294A}.Debug|Any CPU.ActiveCfg = Debug|Any CPU
		{5F81D536-B9DD-4CB1-A181-E00B1C3D294A}.Debug|Any CPU.Build.0 = Debug|Any CPU
		{5F81D536-B9DD-4CB1-A181-E00B1C3D294A}.Debug|iPhone.ActiveCfg = Debug|Any CPU
		{5F81D536-B9DD-4CB1-A181-E00B1C3D294A}.Debug|iPhone.Build.0 = Debug|Any CPU
		{5F81D536-B9DD-4CB1-A181-E00B1C3D294A}.Debug|iPhoneSimulator.ActiveCfg = Debug|Any CPU
		{5F81D536-B9DD-4CB1-A181-E00B1C3D294A}.Debug|iPhoneSimulator.Build.0 = Debug|Any CPU
		{5F81D536-B9DD-4CB1-A181-E00B1C3D294A}.Release|Any CPU.ActiveCfg = Release|Any CPU
		{5F81D536-B9DD-4CB1-A181-E00B1C3D294A}.Release|Any CPU.Build.0 = Release|Any CPU
		{5F81D536-B9DD-4CB1-A181-E00B1C3D294A}.Release|iPhone.ActiveCfg = Release|Any CPU
		{5F81D536-B9DD-4CB1-A181-E00B1C3D294A}.Release|iPhone.Build.0 = Release|Any CPU
		{5F81D536-B9DD-4CB1-A181-E00B1C3D294A}.Release|iPhoneSimulator.ActiveCfg = Release|Any CPU
		{5F81D536-B9DD-4CB1-A181-E00B1C3D294A}.Release|iPhoneSimulator.Build.0 = Release|Any CPU
		{898B1302-FCE3-4A0D-85C0-56C2CAAF8BA4}.Debug|Any CPU.ActiveCfg = Debug|Any CPU
		{898B1302-FCE3-4A0D-85C0-56C2CAAF8BA4}.Debug|Any CPU.Build.0 = Debug|Any CPU
		{898B1302-FCE3-4A0D-85C0-56C2CAAF8BA4}.Debug|Any CPU.Deploy.0 = Debug|Any CPU
		{898B1302-FCE3-4A0D-85C0-56C2CAAF8BA4}.Debug|iPhone.ActiveCfg = Debug|Any CPU
		{898B1302-FCE3-4A0D-85C0-56C2CAAF8BA4}.Debug|iPhone.Build.0 = Debug|Any CPU
		{898B1302-FCE3-4A0D-85C0-56C2CAAF8BA4}.Debug|iPhone.Deploy.0 = Debug|Any CPU
		{898B1302-FCE3-4A0D-85C0-56C2CAAF8BA4}.Debug|iPhoneSimulator.ActiveCfg = Debug|Any CPU
		{898B1302-FCE3-4A0D-85C0-56C2CAAF8BA4}.Debug|iPhoneSimulator.Build.0 = Debug|Any CPU
		{898B1302-FCE3-4A0D-85C0-56C2CAAF8BA4}.Debug|iPhoneSimulator.Deploy.0 = Debug|Any CPU
		{898B1302-FCE3-4A0D-85C0-56C2CAAF8BA4}.Release|Any CPU.ActiveCfg = Release|Any CPU
		{898B1302-FCE3-4A0D-85C0-56C2CAAF8BA4}.Release|Any CPU.Build.0 = Release|Any CPU
		{898B1302-FCE3-4A0D-85C0-56C2CAAF8BA4}.Release|Any CPU.Deploy.0 = Release|Any CPU
		{898B1302-FCE3-4A0D-85C0-56C2CAAF8BA4}.Release|iPhone.ActiveCfg = Release|Any CPU
		{898B1302-FCE3-4A0D-85C0-56C2CAAF8BA4}.Release|iPhone.Build.0 = Release|Any CPU
		{898B1302-FCE3-4A0D-85C0-56C2CAAF8BA4}.Release|iPhone.Deploy.0 = Release|Any CPU
		{898B1302-FCE3-4A0D-85C0-56C2CAAF8BA4}.Release|iPhoneSimulator.ActiveCfg = Release|Any CPU
		{898B1302-FCE3-4A0D-85C0-56C2CAAF8BA4}.Release|iPhoneSimulator.Build.0 = Release|Any CPU
		{898B1302-FCE3-4A0D-85C0-56C2CAAF8BA4}.Release|iPhoneSimulator.Deploy.0 = Release|Any CPU
		{136B8B3A-F508-4A27-A7E0-39F2923682A9}.Debug|Any CPU.ActiveCfg = Debug|iPhone
		{136B8B3A-F508-4A27-A7E0-39F2923682A9}.Debug|iPhone.ActiveCfg = Debug|iPhone
		{136B8B3A-F508-4A27-A7E0-39F2923682A9}.Debug|iPhone.Build.0 = Debug|iPhone
		{136B8B3A-F508-4A27-A7E0-39F2923682A9}.Debug|iPhoneSimulator.ActiveCfg = Debug|iPhoneSimulator
		{136B8B3A-F508-4A27-A7E0-39F2923682A9}.Debug|iPhoneSimulator.Build.0 = Debug|iPhoneSimulator
		{136B8B3A-F508-4A27-A7E0-39F2923682A9}.Release|Any CPU.ActiveCfg = Release|iPhone
		{136B8B3A-F508-4A27-A7E0-39F2923682A9}.Release|iPhone.ActiveCfg = Release|iPhone
		{136B8B3A-F508-4A27-A7E0-39F2923682A9}.Release|iPhone.Build.0 = Release|iPhone
		{136B8B3A-F508-4A27-A7E0-39F2923682A9}.Release|iPhoneSimulator.ActiveCfg = Release|iPhoneSimulator
		{136B8B3A-F508-4A27-A7E0-39F2923682A9}.Release|iPhoneSimulator.Build.0 = Release|iPhoneSimulator
		{10C69492-DCEC-45D6-8196-D16B809DD344}.Debug|Any CPU.ActiveCfg = Debug|Any CPU
		{10C69492-DCEC-45D6-8196-D16B809DD344}.Debug|Any CPU.Build.0 = Debug|Any CPU
		{10C69492-DCEC-45D6-8196-D16B809DD344}.Debug|iPhone.ActiveCfg = Debug|Any CPU
		{10C69492-DCEC-45D6-8196-D16B809DD344}.Debug|iPhone.Build.0 = Debug|Any CPU
		{10C69492-DCEC-45D6-8196-D16B809DD344}.Debug|iPhoneSimulator.ActiveCfg = Debug|Any CPU
		{10C69492-DCEC-45D6-8196-D16B809DD344}.Debug|iPhoneSimulator.Build.0 = Debug|Any CPU
		{10C69492-DCEC-45D6-8196-D16B809DD344}.Release|Any CPU.ActiveCfg = Release|Any CPU
		{10C69492-DCEC-45D6-8196-D16B809DD344}.Release|Any CPU.Build.0 = Release|Any CPU
		{10C69492-DCEC-45D6-8196-D16B809DD344}.Release|iPhone.ActiveCfg = Release|Any CPU
		{10C69492-DCEC-45D6-8196-D16B809DD344}.Release|iPhone.Build.0 = Release|Any CPU
		{10C69492-DCEC-45D6-8196-D16B809DD344}.Release|iPhoneSimulator.ActiveCfg = Release|Any CPU
		{10C69492-DCEC-45D6-8196-D16B809DD344}.Release|iPhoneSimulator.Build.0 = Release|Any CPU
	EndGlobalSection
	GlobalSection(SolutionProperties) = preSolution
		HideSolutionNode = FALSE
	EndGlobalSection
	GlobalSection(ExtensibilityGlobals) = postSolution
		SolutionGuid = {B0E46D5C-796B-400D-AC01-51C7052EEEB8}
	EndGlobalSection
EndGlobal
