
Microsoft Visual Studio Solution File, Format Version 12.00
# Visual Studio Version 16
VisualStudioVersion = 16.0.29123.88
MinimumVisualStudioVersion = 10.0.40219.1
Project("{9A19103F-16F7-4668-BE54-9A1E7A4F7556}") = "SharpCommunication.Base", "SharpCommunication.Base\SharpCommunication.Base.csproj", "{8C3B3211-0149-4E37-AD03-49BC7A8FA8BD}"
EndProject
Project("{9A19103F-16F7-4668-BE54-9A1E7A4F7556}") = "SharpCommunication.GPS", "SharpCommunication.GPS\SharpCommunication.GPS.csproj", "{F452D433-770D-485A-9C66-BB4D73781774}"
EndProject
Project("{9A19103F-16F7-4668-BE54-9A1E7A4F7556}") = "SharpCommunication.Module", "SharpCommuniation.Module\SharpCommunication.Module.csproj", "{2E63CD78-C39B-4DAA-851A-909426C375DA}"
EndProject
Project("{9A19103F-16F7-4668-BE54-9A1E7A4F7556}") = "SharpCommunication.GY955", "SharpCommunication.GY955\SharpCommunication.GY955.csproj", "{0088EBDB-12CA-4CBE-92A3-383545C0AA92}"
EndProject
Project("{9A19103F-16F7-4668-BE54-9A1E7A4F7556}") = "Demo", "Demo\Demo.csproj", "{C2203C70-3D8F-490F-B035-8B859888CE73}"
EndProject
Project("{9A19103F-16F7-4668-BE54-9A1E7A4F7556}") = "GPSModule", "GpsModule\GPSModule.csproj", "{3644F1D8-0D1D-4484-A436-291E322AEC6F}"
EndProject
Project("{FAE04EC0-301F-11D3-BF4B-00C04F79EFBC}") = "GpsDemo", "GpsDemo\GpsDemo.csproj", "{366346D7-DB56-46D4-A238-4F54FE81937C}"
EndProject
Global
	GlobalSection(SolutionConfigurationPlatforms) = preSolution
		Debug|Any CPU = Debug|Any CPU
		Debug|iPhone = Debug|iPhone
		Debug|iPhoneSimulator = Debug|iPhoneSimulator
		Release|Any CPU = Release|Any CPU
		Release|iPhone = Release|iPhone
		Release|iPhoneSimulator = Release|iPhoneSimulator
	EndGlobalSection
	GlobalSection(ProjectConfigurationPlatforms) = postSolution
		{8C3B3211-0149-4E37-AD03-49BC7A8FA8BD}.Debug|Any CPU.ActiveCfg = Debug|Any CPU
		{8C3B3211-0149-4E37-AD03-49BC7A8FA8BD}.Debug|Any CPU.Build.0 = Debug|Any CPU
		{8C3B3211-0149-4E37-AD03-49BC7A8FA8BD}.Debug|iPhone.ActiveCfg = Debug|Any CPU
		{8C3B3211-0149-4E37-AD03-49BC7A8FA8BD}.Debug|iPhone.Build.0 = Debug|Any CPU
		{8C3B3211-0149-4E37-AD03-49BC7A8FA8BD}.Debug|iPhoneSimulator.ActiveCfg = Debug|Any CPU
		{8C3B3211-0149-4E37-AD03-49BC7A8FA8BD}.Debug|iPhoneSimulator.Build.0 = Debug|Any CPU
		{8C3B3211-0149-4E37-AD03-49BC7A8FA8BD}.Release|Any CPU.ActiveCfg = Release|Any CPU
		{8C3B3211-0149-4E37-AD03-49BC7A8FA8BD}.Release|Any CPU.Build.0 = Release|Any CPU
		{8C3B3211-0149-4E37-AD03-49BC7A8FA8BD}.Release|iPhone.ActiveCfg = Release|Any CPU
		{8C3B3211-0149-4E37-AD03-49BC7A8FA8BD}.Release|iPhone.Build.0 = Release|Any CPU
		{8C3B3211-0149-4E37-AD03-49BC7A8FA8BD}.Release|iPhoneSimulator.ActiveCfg = Release|Any CPU
		{8C3B3211-0149-4E37-AD03-49BC7A8FA8BD}.Release|iPhoneSimulator.Build.0 = Release|Any CPU
		{F452D433-770D-485A-9C66-BB4D73781774}.Debug|Any CPU.ActiveCfg = Debug|Any CPU
		{F452D433-770D-485A-9C66-BB4D73781774}.Debug|Any CPU.Build.0 = Debug|Any CPU
		{F452D433-770D-485A-9C66-BB4D73781774}.Debug|iPhone.ActiveCfg = Debug|Any CPU
		{F452D433-770D-485A-9C66-BB4D73781774}.Debug|iPhone.Build.0 = Debug|Any CPU
		{F452D433-770D-485A-9C66-BB4D73781774}.Debug|iPhoneSimulator.ActiveCfg = Debug|Any CPU
		{F452D433-770D-485A-9C66-BB4D73781774}.Debug|iPhoneSimulator.Build.0 = Debug|Any CPU
		{F452D433-770D-485A-9C66-BB4D73781774}.Release|Any CPU.ActiveCfg = Release|Any CPU
		{F452D433-770D-485A-9C66-BB4D73781774}.Release|Any CPU.Build.0 = Release|Any CPU
		{F452D433-770D-485A-9C66-BB4D73781774}.Release|iPhone.ActiveCfg = Release|Any CPU
		{F452D433-770D-485A-9C66-BB4D73781774}.Release|iPhone.Build.0 = Release|Any CPU
		{F452D433-770D-485A-9C66-BB4D73781774}.Release|iPhoneSimulator.ActiveCfg = Release|Any CPU
		{F452D433-770D-485A-9C66-BB4D73781774}.Release|iPhoneSimulator.Build.0 = Release|Any CPU
		{2E63CD78-C39B-4DAA-851A-909426C375DA}.Debug|Any CPU.ActiveCfg = Debug|Any CPU
		{2E63CD78-C39B-4DAA-851A-909426C375DA}.Debug|Any CPU.Build.0 = Debug|Any CPU
		{2E63CD78-C39B-4DAA-851A-909426C375DA}.Debug|iPhone.ActiveCfg = Debug|Any CPU
		{2E63CD78-C39B-4DAA-851A-909426C375DA}.Debug|iPhone.Build.0 = Debug|Any CPU
		{2E63CD78-C39B-4DAA-851A-909426C375DA}.Debug|iPhoneSimulator.ActiveCfg = Debug|Any CPU
		{2E63CD78-C39B-4DAA-851A-909426C375DA}.Debug|iPhoneSimulator.Build.0 = Debug|Any CPU
		{2E63CD78-C39B-4DAA-851A-909426C375DA}.Release|Any CPU.ActiveCfg = Release|Any CPU
		{2E63CD78-C39B-4DAA-851A-909426C375DA}.Release|Any CPU.Build.0 = Release|Any CPU
		{2E63CD78-C39B-4DAA-851A-909426C375DA}.Release|iPhone.ActiveCfg = Release|Any CPU
		{2E63CD78-C39B-4DAA-851A-909426C375DA}.Release|iPhone.Build.0 = Release|Any CPU
		{2E63CD78-C39B-4DAA-851A-909426C375DA}.Release|iPhoneSimulator.ActiveCfg = Release|Any CPU
		{2E63CD78-C39B-4DAA-851A-909426C375DA}.Release|iPhoneSimulator.Build.0 = Release|Any CPU
		{0088EBDB-12CA-4CBE-92A3-383545C0AA92}.Debug|Any CPU.ActiveCfg = Debug|Any CPU
		{0088EBDB-12CA-4CBE-92A3-383545C0AA92}.Debug|Any CPU.Build.0 = Debug|Any CPU
		{0088EBDB-12CA-4CBE-92A3-383545C0AA92}.Debug|iPhone.ActiveCfg = Debug|Any CPU
		{0088EBDB-12CA-4CBE-92A3-383545C0AA92}.Debug|iPhone.Build.0 = Debug|Any CPU
		{0088EBDB-12CA-4CBE-92A3-383545C0AA92}.Debug|iPhoneSimulator.ActiveCfg = Debug|Any CPU
		{0088EBDB-12CA-4CBE-92A3-383545C0AA92}.Debug|iPhoneSimulator.Build.0 = Debug|Any CPU
		{0088EBDB-12CA-4CBE-92A3-383545C0AA92}.Release|Any CPU.ActiveCfg = Release|Any CPU
		{0088EBDB-12CA-4CBE-92A3-383545C0AA92}.Release|Any CPU.Build.0 = Release|Any CPU
		{0088EBDB-12CA-4CBE-92A3-383545C0AA92}.Release|iPhone.ActiveCfg = Release|Any CPU
		{0088EBDB-12CA-4CBE-92A3-383545C0AA92}.Release|iPhone.Build.0 = Release|Any CPU
		{0088EBDB-12CA-4CBE-92A3-383545C0AA92}.Release|iPhoneSimulator.ActiveCfg = Release|Any CPU
		{0088EBDB-12CA-4CBE-92A3-383545C0AA92}.Release|iPhoneSimulator.Build.0 = Release|Any CPU
		{C2203C70-3D8F-490F-B035-8B859888CE73}.Debug|Any CPU.ActiveCfg = Debug|Any CPU
		{C2203C70-3D8F-490F-B035-8B859888CE73}.Debug|Any CPU.Build.0 = Debug|Any CPU
		{C2203C70-3D8F-490F-B035-8B859888CE73}.Debug|iPhone.ActiveCfg = Debug|Any CPU
		{C2203C70-3D8F-490F-B035-8B859888CE73}.Debug|iPhone.Build.0 = Debug|Any CPU
		{C2203C70-3D8F-490F-B035-8B859888CE73}.Debug|iPhoneSimulator.ActiveCfg = Debug|Any CPU
		{C2203C70-3D8F-490F-B035-8B859888CE73}.Debug|iPhoneSimulator.Build.0 = Debug|Any CPU
		{C2203C70-3D8F-490F-B035-8B859888CE73}.Release|Any CPU.ActiveCfg = Release|Any CPU
		{C2203C70-3D8F-490F-B035-8B859888CE73}.Release|Any CPU.Build.0 = Release|Any CPU
		{C2203C70-3D8F-490F-B035-8B859888CE73}.Release|iPhone.ActiveCfg = Release|Any CPU
		{C2203C70-3D8F-490F-B035-8B859888CE73}.Release|iPhone.Build.0 = Release|Any CPU
		{C2203C70-3D8F-490F-B035-8B859888CE73}.Release|iPhoneSimulator.ActiveCfg = Release|Any CPU
		{C2203C70-3D8F-490F-B035-8B859888CE73}.Release|iPhoneSimulator.Build.0 = Release|Any CPU
		{3644F1D8-0D1D-4484-A436-291E322AEC6F}.Debug|Any CPU.ActiveCfg = Debug|Any CPU
		{3644F1D8-0D1D-4484-A436-291E322AEC6F}.Debug|Any CPU.Build.0 = Debug|Any CPU
		{3644F1D8-0D1D-4484-A436-291E322AEC6F}.Debug|iPhone.ActiveCfg = Debug|Any CPU
		{3644F1D8-0D1D-4484-A436-291E322AEC6F}.Debug|iPhone.Build.0 = Debug|Any CPU
		{3644F1D8-0D1D-4484-A436-291E322AEC6F}.Debug|iPhoneSimulator.ActiveCfg = Debug|Any CPU
		{3644F1D8-0D1D-4484-A436-291E322AEC6F}.Debug|iPhoneSimulator.Build.0 = Debug|Any CPU
		{3644F1D8-0D1D-4484-A436-291E322AEC6F}.Release|Any CPU.ActiveCfg = Release|Any CPU
		{3644F1D8-0D1D-4484-A436-291E322AEC6F}.Release|Any CPU.Build.0 = Release|Any CPU
		{3644F1D8-0D1D-4484-A436-291E322AEC6F}.Release|iPhone.ActiveCfg = Release|Any CPU
		{3644F1D8-0D1D-4484-A436-291E322AEC6F}.Release|iPhone.Build.0 = Release|Any CPU
		{3644F1D8-0D1D-4484-A436-291E322AEC6F}.Release|iPhoneSimulator.ActiveCfg = Release|Any CPU
		{3644F1D8-0D1D-4484-A436-291E322AEC6F}.Release|iPhoneSimulator.Build.0 = Release|Any CPU
		{366346D7-DB56-46D4-A238-4F54FE81937C}.Debug|Any CPU.ActiveCfg = Debug|Any CPU
		{366346D7-DB56-46D4-A238-4F54FE81937C}.Debug|Any CPU.Build.0 = Debug|Any CPU
		{366346D7-DB56-46D4-A238-4F54FE81937C}.Debug|iPhone.ActiveCfg = Debug|Any CPU
		{366346D7-DB56-46D4-A238-4F54FE81937C}.Debug|iPhone.Build.0 = Debug|Any CPU
		{366346D7-DB56-46D4-A238-4F54FE81937C}.Debug|iPhoneSimulator.ActiveCfg = Debug|Any CPU
		{366346D7-DB56-46D4-A238-4F54FE81937C}.Debug|iPhoneSimulator.Build.0 = Debug|Any CPU
		{366346D7-DB56-46D4-A238-4F54FE81937C}.Release|Any CPU.ActiveCfg = Release|Any CPU
		{366346D7-DB56-46D4-A238-4F54FE81937C}.Release|Any CPU.Build.0 = Release|Any CPU
		{366346D7-DB56-46D4-A238-4F54FE81937C}.Release|iPhone.ActiveCfg = Release|Any CPU
		{366346D7-DB56-46D4-A238-4F54FE81937C}.Release|iPhone.Build.0 = Release|Any CPU
		{366346D7-DB56-46D4-A238-4F54FE81937C}.Release|iPhoneSimulator.ActiveCfg = Release|Any CPU
		{366346D7-DB56-46D4-A238-4F54FE81937C}.Release|iPhoneSimulator.Build.0 = Release|Any CPU
	EndGlobalSection
	GlobalSection(SolutionProperties) = preSolution
		HideSolutionNode = FALSE
	EndGlobalSection
	GlobalSection(ExtensibilityGlobals) = postSolution
		SolutionGuid = {B0E46D5C-796B-400D-AC01-51C7052EEEB8}
	EndGlobalSection
EndGlobal
